
Microsoft Visual Studio Solution File, Format Version 12.00
# Visual Studio 14
VisualStudioVersion = 14.0.24720.0
MinimumVisualStudioVersion = 10.0.40219.1
Project("{FAE04EC0-301F-11D3-BF4B-00C04F79EFBC}") = "BubbleSortRec", "BubbleSort\BubbleSortRec.csproj", "{17A2B009-5DA9-4CFF-A583-211E65FF5113}"
EndProject
Project("{FAE04EC0-301F-11D3-BF4B-00C04F79EFBC}") = "BubbleSortLoops", "BubbleSortLoops\BubbleSortLoops.csproj", "{81C0AD73-9562-43B0-B86C-57D67F83ABFD}"
EndProject
Project("{FAE04EC0-301F-11D3-BF4B-00C04F79EFBC}") = "SelectionSort", "SelectionSort\SelectionSort.csproj", "{B0CA3DB1-D521-4D61-BBD1-19400C300555}"
EndProject
Project("{FAE04EC0-301F-11D3-BF4B-00C04F79EFBC}") = "InsertionSort", "InsertionSort\InsertionSort.csproj", "{C889EA4C-850E-4B75-8CB9-8ED7B948B967}"
EndProject
Project("{FAE04EC0-301F-11D3-BF4B-00C04F79EFBC}") = "InsertionSortV2", "InsertionSortV2\InsertionSortV2.csproj", "{2DA9682A-F6C2-4D65-9A12-21D39C7795E1}"
EndProject
Project("{2150E333-8FDC-42A3-9474-1A3956D46DE8}") = "Sorting", "Sorting", "{9AD2B009-4A79-4C80-8FDB-40391F49905E}"
EndProject
Project("{2150E333-8FDC-42A3-9474-1A3956D46DE8}") = "ArabicRomeNumbers", "ArabicRomeNumbers", "{327690E1-5014-486F-8113-2A49AA808127}"
EndProject
Project("{FAE04EC0-301F-11D3-BF4B-00C04F79EFBC}") = "RomeConverter", "RomeConverter\RomeConverter.csproj", "{1A86969D-BA76-4C04-A6FC-28BD135B9323}"
EndProject
Global
	GlobalSection(SolutionConfigurationPlatforms) = preSolution
		Debug|Any CPU = Debug|Any CPU
		Release|Any CPU = Release|Any CPU
	EndGlobalSection
	GlobalSection(ProjectConfigurationPlatforms) = postSolution
		{17A2B009-5DA9-4CFF-A583-211E65FF5113}.Debug|Any CPU.ActiveCfg = Debug|Any CPU
		{17A2B009-5DA9-4CFF-A583-211E65FF5113}.Debug|Any CPU.Build.0 = Debug|Any CPU
		{17A2B009-5DA9-4CFF-A583-211E65FF5113}.Release|Any CPU.ActiveCfg = Release|Any CPU
		{17A2B009-5DA9-4CFF-A583-211E65FF5113}.Release|Any CPU.Build.0 = Release|Any CPU
		{81C0AD73-9562-43B0-B86C-57D67F83ABFD}.Debug|Any CPU.ActiveCfg = Debug|Any CPU
		{81C0AD73-9562-43B0-B86C-57D67F83ABFD}.Debug|Any CPU.Build.0 = Debug|Any CPU
		{81C0AD73-9562-43B0-B86C-57D67F83ABFD}.Release|Any CPU.ActiveCfg = Release|Any CPU
		{81C0AD73-9562-43B0-B86C-57D67F83ABFD}.Release|Any CPU.Build.0 = Release|Any CPU
		{B0CA3DB1-D521-4D61-BBD1-19400C300555}.Debug|Any CPU.ActiveCfg = Debug|Any CPU
		{B0CA3DB1-D521-4D61-BBD1-19400C300555}.Debug|Any CPU.Build.0 = Debug|Any CPU
		{B0CA3DB1-D521-4D61-BBD1-19400C300555}.Release|Any CPU.ActiveCfg = Release|Any CPU
		{B0CA3DB1-D521-4D61-BBD1-19400C300555}.Release|Any CPU.Build.0 = Release|Any CPU
		{C889EA4C-850E-4B75-8CB9-8ED7B948B967}.Debug|Any CPU.ActiveCfg = Debug|Any CPU
		{C889EA4C-850E-4B75-8CB9-8ED7B948B967}.Debug|Any CPU.Build.0 = Debug|Any CPU
		{C889EA4C-850E-4B75-8CB9-8ED7B948B967}.Release|Any CPU.ActiveCfg = Release|Any CPU
		{C889EA4C-850E-4B75-8CB9-8ED7B948B967}.Release|Any CPU.Build.0 = Release|Any CPU
		{2DA9682A-F6C2-4D65-9A12-21D39C7795E1}.Debug|Any CPU.ActiveCfg = Debug|Any CPU
		{2DA9682A-F6C2-4D65-9A12-21D39C7795E1}.Debug|Any CPU.Build.0 = Debug|Any CPU
		{2DA9682A-F6C2-4D65-9A12-21D39C7795E1}.Release|Any CPU.ActiveCfg = Release|Any CPU
		{2DA9682A-F6C2-4D65-9A12-21D39C7795E1}.Release|Any CPU.Build.0 = Release|Any CPU
		{1A86969D-BA76-4C04-A6FC-28BD135B9323}.Debug|Any CPU.ActiveCfg = Debug|Any CPU
		{1A86969D-BA76-4C04-A6FC-28BD135B9323}.Debug|Any CPU.Build.0 = Debug|Any CPU
		{1A86969D-BA76-4C04-A6FC-28BD135B9323}.Release|Any CPU.ActiveCfg = Release|Any CPU
		{1A86969D-BA76-4C04-A6FC-28BD135B9323}.Release|Any CPU.Build.0 = Release|Any CPU
	EndGlobalSection
	GlobalSection(SolutionProperties) = preSolution
		HideSolutionNode = FALSE
	EndGlobalSection
	GlobalSection(NestedProjects) = preSolution
		{17A2B009-5DA9-4CFF-A583-211E65FF5113} = {9AD2B009-4A79-4C80-8FDB-40391F49905E}
		{81C0AD73-9562-43B0-B86C-57D67F83ABFD} = {9AD2B009-4A79-4C80-8FDB-40391F49905E}
		{B0CA3DB1-D521-4D61-BBD1-19400C300555} = {9AD2B009-4A79-4C80-8FDB-40391F49905E}
		{C889EA4C-850E-4B75-8CB9-8ED7B948B967} = {9AD2B009-4A79-4C80-8FDB-40391F49905E}
		{2DA9682A-F6C2-4D65-9A12-21D39C7795E1} = {9AD2B009-4A79-4C80-8FDB-40391F49905E}
		{1A86969D-BA76-4C04-A6FC-28BD135B9323} = {327690E1-5014-486F-8113-2A49AA808127}
	EndGlobalSection
EndGlobal
